
Microsoft Visual Studio Solution File, Format Version 11.00
# Visual Studio 2010
Project("{8BC9CEB8-8B4A-11D0-8D11-00A0C91BC942}") = "SchedDemo", "src\SchedDemo\SchedDemo.vcxproj", "{68444CA9-0EAA-435D-B85F-3E8A91E55477}"
	ProjectSection(ProjectDependencies) = postProject
		{958D8CFD-0C30-42EF-A03F-A4304E52E8BE} = {958D8CFD-0C30-42EF-A03F-A4304E52E8BE}
	EndProjectSection
EndProject
Project("{8BC9CEB8-8B4A-11D0-8D11-00A0C91BC942}") = "SchedLib", "src\SchedLib\SchedLib.vcxproj", "{958D8CFD-0C30-42EF-A03F-A4304E52E8BE}"
EndProject
Global
	GlobalSection(SolutionConfigurationPlatforms) = preSolution
		Debug|Win32 = Debug|Win32
		Profiling|Win32 = Profiling|Win32
		Release|Win32 = Release|Win32
	EndGlobalSection
	GlobalSection(ProjectConfigurationPlatforms) = postSolution
		{68444CA9-0EAA-435D-B85F-3E8A91E55477}.Debug|Win32.ActiveCfg = Debug|Win32
		{68444CA9-0EAA-435D-B85F-3E8A91E55477}.Debug|Win32.Build.0 = Debug|Win32
		{68444CA9-0EAA-435D-B85F-3E8A91E55477}.Profiling|Win32.ActiveCfg = Profiling|Win32
		{68444CA9-0EAA-435D-B85F-3E8A91E55477}.Profiling|Win32.Build.0 = Profiling|Win32
		{68444CA9-0EAA-435D-B85F-3E8A91E55477}.Release|Win32.ActiveCfg = Release|Win32
		{68444CA9-0EAA-435D-B85F-3E8A91E55477}.Release|Win32.Build.0 = Release|Win32
		{958D8CFD-0C30-42EF-A03F-A4304E52E8BE}.Debug|Win32.ActiveCfg = Debug|Win32
		{958D8CFD-0C30-42EF-A03F-A4304E52E8BE}.Debug|Win32.Build.0 = Debug|Win32
		{958D8CFD-0C30-42EF-A03F-A4304E52E8BE}.Profiling|Win32.ActiveCfg = Release|Win32
		{958D8CFD-0C30-42EF-A03F-A4304E52E8BE}.Profiling|Win32.Build.0 = Release|Win32
		{958D8CFD-0C30-42EF-A03F-A4304E52E8BE}.Release|Win32.ActiveCfg = Release|Win32
		{958D8CFD-0C30-42EF-A03F-A4304E52E8BE}.Release|Win32.Build.0 = Release|Win32
	EndGlobalSection
	GlobalSection(SolutionProperties) = preSolution
		HideSolutionNode = FALSE
	EndGlobalSection
EndGlobal
