<?xml version="1.0" encoding="utf-8"?>
<Project ToolsVersion="4.0" xmlns="http://schemas.microsoft.com/developer/msbuild/2003">
  <ItemGroup>
    <Filter Include="Source Files">
      <UniqueIdentifier>{4FC737F1-C7A5-4376-A066-2A32D752A2FF}</UniqueIdentifier>
      <Extensions>cpp;cxx;c;def</Extensions>
    </Filter>
    <Filter Include="Header Files">
      <UniqueIdentifier>{93995380-89BD-4b04-88EB-625FBE52EBFB}</UniqueIdentifier>
      <Extensions>h</Extensions>
    </Filter>
    <Filter Include="Form Files">
      <UniqueIdentifier>{99349809-55BA-4b9d-BF79-8FDBB0286EB3}</UniqueIdentifier>
      <Extensions>ui</Extensions>
    </Filter>
    <Filter Include="Resource Files">
      <UniqueIdentifier>{D9D6E242-F8AF-46E4-B9FD-80ECBC20BA3E}</UniqueIdentifier>
      <Extensions>qrc;*</Extensions>
      <ParseFiles>false</ParseFiles>
    </Filter>
    <Filter Include="Generated Files">
      <UniqueIdentifier>{71ED8ED8-ACB9-4CE9-BBE1-E00B30144E11}</UniqueIdentifier>
      <Extensions>moc;h;cpp</Extensions>
      <SourceControlFiles>False</SourceControlFiles>
    </Filter>
    <Filter Include="Generated Files\Debug">
      <UniqueIdentifier>{b1786f66-f283-4ab5-8895-eb2f30f87aaf}</UniqueIdentifier>
      <Extensions>cpp;moc</Extensions>
      <SourceControlFiles>False</SourceControlFiles>
    </Filter>
    <Filter Include="Generated Files\Release">
      <UniqueIdentifier>{3f8e30ee-a617-4825-9332-838287cf249a}</UniqueIdentifier>
      <Extensions>cpp;moc</Extensions>
      <SourceControlFiles>False</SourceControlFiles>
    </Filter>
    <Filter Include="Generated Files\Profiling">
      <UniqueIdentifier>{0e0ce46e-2187-4eaa-8ad3-c3b1ff1c0eeb}</UniqueIdentifier>
      <Extensions>cpp;moc</Extensions>
      <SourceControlFiles>False</SourceControlFiles>
    </Filter>
    <Filter Include="common">
      <UniqueIdentifier>{759a1e24-cde3-4a83-b040-52510de53c8f}</UniqueIdentifier>
    </Filter>
  </ItemGroup>
  <ItemGroup>
    <ClCompile Include="GeneratedFiles\qrc_scheddemo.cpp">
      <Filter>Generated Files</Filter>
    </ClCompile>
    <ClCompile Include="GeneratedFiles\Debug\moc_schedscene.cpp">
      <Filter>Generated Files\Debug</Filter>
    </ClCompile>
    <ClCompile Include="GeneratedFiles\Release\moc_schedscene.cpp">
      <Filter>Generated Files\Release</Filter>
    </ClCompile>
    <ClCompile Include="GeneratedFiles\Profiling\moc_schedscene.cpp">
      <Filter>Generated Files\Profiling</Filter>
    </ClCompile>
    <ClCompile Include="GeneratedFiles\Debug\moc_scheddemo.cpp">
      <Filter>Generated Files\Debug</Filter>
    </ClCompile>
    <ClCompile Include="GeneratedFiles\Release\moc_scheddemo.cpp">
      <Filter>Generated Files\Release</Filter>
    </ClCompile>
    <ClCompile Include="GeneratedFiles\Profiling\moc_scheddemo.cpp">
      <Filter>Generated Files\Profiling</Filter>
    </ClCompile>
    <ClCompile Include="GeneratedFiles\Debug\moc_qwtscheddemo.cpp">
      <Filter>Generated Files\Debug</Filter>
    </ClCompile>
    <ClCompile Include="GeneratedFiles\Profiling\moc_qwtscheddemo.cpp">
      <Filter>Generated Files\Profiling</Filter>
    </ClCompile>
    <ClCompile Include="GeneratedFiles\Release\moc_qwtscheddemo.cpp">
      <Filter>Generated Files\Release</Filter>
    </ClCompile>
    <ClCompile Include="main.cpp">
      <Filter>Source Files</Filter>
    </ClCompile>
    <ClCompile Include="stdafx.cpp">
      <Filter>Source Files</Filter>
    </ClCompile>
    <ClCompile Include="qwtscheddemo.cpp">
      <Filter>Source Files</Filter>
    </ClCompile>
    <ClCompile Include="scheddemo.cpp">
      <Filter>Source Files</Filter>
    </ClCompile>
    <ClCompile Include="scheditem.cpp">
      <Filter>Source Files</Filter>
    </ClCompile>
    <ClCompile Include="schedscene.cpp">
      <Filter>Source Files</Filter>
    </ClCompile>
    <ClCompile Include="solvers.cpp">
      <Filter>Source Files</Filter>
    </ClCompile>
    <ClCompile Include="qwt_demo_2.cpp">
      <Filter>Source Files</Filter>
    </ClCompile>
    <ClCompile Include="GeneratedFiles\Debug\moc_qwt_demo_2.cpp">
      <Filter>Generated Files\Debug</Filter>
    </ClCompile>
    <ClCompile Include="GeneratedFiles\Profiling\moc_qwt_demo_2.cpp">
      <Filter>Generated Files\Profiling</Filter>
    </ClCompile>
    <ClCompile Include="GeneratedFiles\Release\moc_qwt_demo_2.cpp">
      <Filter>Generated Files\Release</Filter>
    </ClCompile>
    <ClCompile Include="qwt_aircraft.cpp">
      <Filter>Source Files</Filter>
    </ClCompile>
    <ClCompile Include="scheddemo_realtime.cpp">
      <Filter>Source Files</Filter>
    </ClCompile>
  </ItemGroup>
  <ItemGroup>
    <CustomBuild Include="scheddemo.qrc">
      <Filter>Resource Files</Filter>
    </CustomBuild>
    <CustomBuild Include="qwtscheddemo.h">
      <Filter>Header Files</Filter>
    </CustomBuild>
    <CustomBuild Include="scheddemo.h">
      <Filter>Header Files</Filter>
    </CustomBuild>
    <CustomBuild Include="schedscene.h">
      <Filter>Header Files</Filter>
    </CustomBuild>
    <CustomBuild Include="qwt_demo_2.h">
      <Filter>Header Files</Filter>
    </CustomBuild>
  </ItemGroup>
  <ItemGroup>
    <ClInclude Include="..\common\common.h">
      <Filter>common</Filter>
    </ClInclude>
    <ClInclude Include="..\common\task.h">
      <Filter>common</Filter>
    </ClInclude>
    <ClInclude Include="stdafx.h">
      <Filter>Header Files</Filter>
    </ClInclude>
    <ClInclude Include="scheditem.h">
      <Filter>Header Files</Filter>
    </ClInclude>
    <ClInclude Include="sliding_window.h">
      <Filter>Header Files</Filter>
    </ClInclude>
    <ClInclude Include="solvers.h">
      <Filter>Header Files</Filter>
    </ClInclude>
    <ClInclude Include="qwt_aircraft.h">
      <Filter>Header Files</Filter>
    </ClInclude>
    <ClInclude Include="..\common\aircraft.h">
      <Filter>common</Filter>
    </ClInclude>
  </ItemGroup>
</Project>